// !$*UTF8*$!
{
	archiveVersion = 1;
	classes = {
	};
	objectVersion = 50;
	objects = {

/* Begin PBXBuildFile section */
		04671705207CDA79009611D9 /* MedicalRecordsSample.xml in Resources */ = {isa = PBXBuildFile; fileRef = 04671704207CDA79009611D9 /* MedicalRecordsSample.xml */; };
		9F270C321EBE47EB0075412F /* WorkoutSession.swift in Sources */ = {isa = PBXBuildFile; fileRef = 9F270C311EBE47EB0075412F /* WorkoutSession.swift */; };
		AC891D731EDDBDC500A0F84A /* WorkoutDataStore.swift in Sources */ = {isa = PBXBuildFile; fileRef = AC891D721EDDBDC500A0F84A /* WorkoutDataStore.swift */; };
		AC8EABE61EAEA833002DD041 /* Assets.xcassets in Resources */ = {isa = PBXBuildFile; fileRef = AC8EABE51EAEA833002DD041 /* Assets.xcassets */; };
		AC8EABE81EAEA83F002DD041 /* AppDelegate.swift in Sources */ = {isa = PBXBuildFile; fileRef = AC8EABE71EAEA83F002DD041 /* AppDelegate.swift */; };
		AC8EABED1EAEA855002DD041 /* CreateWorkoutTableViewController.swift in Sources */ = {isa = PBXBuildFile; fileRef = AC8EABE91EAEA855002DD041 /* CreateWorkoutTableViewController.swift */; };
		AC8EABEE1EAEA855002DD041 /* MasterViewController.swift in Sources */ = {isa = PBXBuildFile; fileRef = AC8EABEA1EAEA855002DD041 /* MasterViewController.swift */; };
		AC8EABEF1EAEA855002DD041 /* ProfileViewController.swift in Sources */ = {isa = PBXBuildFile; fileRef = AC8EABEB1EAEA855002DD041 /* ProfileViewController.swift */; };
		AC8EABF01EAEA855002DD041 /* WorkoutsTableViewController.swift in Sources */ = {isa = PBXBuildFile; fileRef = AC8EABEC1EAEA855002DD041 /* WorkoutsTableViewController.swift */; };
		AC8EABF21EAEA860002DD041 /* HealthKitSetupAssistant.swift in Sources */ = {isa = PBXBuildFile; fileRef = AC8EABF11EAEA860002DD041 /* HealthKitSetupAssistant.swift */; };
		AC8EABF41EAEA86A002DD041 /* ProfileDataStore.swift in Sources */ = {isa = PBXBuildFile; fileRef = AC8EABF31EAEA86A002DD041 /* ProfileDataStore.swift */; };
		AC8EABF91EAEA895002DD041 /* HKBiologicalSex+StringRepresentation.swift in Sources */ = {isa = PBXBuildFile; fileRef = AC8EABF71EAEA895002DD041 /* HKBiologicalSex+StringRepresentation.swift */; };
		AC8EABFA1EAEA895002DD041 /* HKBloodType+StringRepresentation.swift in Sources */ = {isa = PBXBuildFile; fileRef = AC8EABF81EAEA895002DD041 /* HKBloodType+StringRepresentation.swift */; };
		AC8EABFD1EAEA8B2002DD041 /* Main.storyboard in Resources */ = {isa = PBXBuildFile; fileRef = AC8EABFB1EAEA8B2002DD041 /* Main.storyboard */; };
		AC8EAC081EAEA8E5002DD041 /* Workout.swift in Sources */ = {isa = PBXBuildFile; fileRef = AC8EAC071EAEA8E5002DD041 /* Workout.swift */; };
		ACF4F9201EB0FFED0031154C /* UserHealthProfile.swift in Sources */ = {isa = PBXBuildFile; fileRef = ACF4F91F1EB0FFED0031154C /* UserHealthProfile.swift */; };
		ACF4F9261EB215DE0031154C /* LaunchScreen.xib in Resources */ = {isa = PBXBuildFile; fileRef = ACF4F9241EB215DE0031154C /* LaunchScreen.xib */; };
		CD1883A72124FB1D00E03D96 /* HealthKit.framework in Frameworks */ = {isa = PBXBuildFile; fileRef = CD1883A62124FB1D00E03D96 /* HealthKit.framework */; };
		CD63A5422113BD0F000CE7DD /* DocumentDataStore.swift in Sources */ = {isa = PBXBuildFile; fileRef = CD63A5412113BD0F000CE7DD /* DocumentDataStore.swift */; };
		CD686600210F9C0C0018A915 /* SummaryOfCare.xml in Resources */ = {isa = PBXBuildFile; fileRef = CD6865FF210F9C0C0018A915 /* SummaryOfCare.xml */; };
		CD791EA521112C0F00A7518B /* HealthDataUploader.swift in Sources */ = {isa = PBXBuildFile; fileRef = CD791EA421112C0F00A7518B /* HealthDataUploader.swift */; };
		CD791EA72111509A00A7518B /* HKFitzpatrickSkinType+StringRepresentation.swift in Sources */ = {isa = PBXBuildFile; fileRef = CD791EA62111509A00A7518B /* HKFitzpatrickSkinType+StringRepresentation.swift */; };
		CD791EA9211150F700A7518B /* HKWheelchairUse+StringRepresentation.swift in Sources */ = {isa = PBXBuildFile; fileRef = CD791EA8211150F700A7518B /* HKWheelchairUse+StringRepresentation.swift */; };
/* End PBXBuildFile section */

/* Begin PBXFileReference section */
		04671700207C6F2A009611D9 /* Health Data Reader-Writer.entitlements */ = {isa = PBXFileReference; lastKnownFileType = text.plist.entitlements; name = "Health Data Reader-Writer.entitlements"; path = "Prancercise Tracker/Health Data Reader-Writer.entitlements"; sourceTree = SOURCE_ROOT; };
		04671704207CDA79009611D9 /* MedicalRecordsSample.xml */ = {isa = PBXFileReference; fileEncoding = 4; lastKnownFileType = text.xml; path = MedicalRecordsSample.xml; sourceTree = "<group>"; };
		9F270C311EBE47EB0075412F /* WorkoutSession.swift */ = {isa = PBXFileReference; fileEncoding = 4; lastKnownFileType = sourcecode.swift; path = WorkoutSession.swift; sourceTree = SOURCE_ROOT; };
		AC1BA50C1EAE5D2F00C99FE3 /* Health Data Reader-Writer.app */ = {isa = PBXFileReference; explicitFileType = wrapper.application; includeInIndex = 0; path = "Health Data Reader-Writer.app"; sourceTree = BUILT_PRODUCTS_DIR; };
		AC891D721EDDBDC500A0F84A /* WorkoutDataStore.swift */ = {isa = PBXFileReference; fileEncoding = 4; lastKnownFileType = sourcecode.swift; name = WorkoutDataStore.swift; path = "Prancercise Tracker Starter/WorkoutDataStore.swift"; sourceTree = SOURCE_ROOT; };
		AC8EABE51EAEA833002DD041 /* Assets.xcassets */ = {isa = PBXFileReference; lastKnownFileType = folder.assetcatalog; name = Assets.xcassets; path = "Prancercise Tracker/Assets.xcassets"; sourceTree = SOURCE_ROOT; };
		AC8EABE71EAEA83F002DD041 /* AppDelegate.swift */ = {isa = PBXFileReference; fileEncoding = 4; lastKnownFileType = sourcecode.swift; name = AppDelegate.swift; path = "Prancercise Tracker/AppDelegate.swift"; sourceTree = SOURCE_ROOT; };
		AC8EABE91EAEA855002DD041 /* CreateWorkoutTableViewController.swift */ = {isa = PBXFileReference; fileEncoding = 4; lastKnownFileType = sourcecode.swift; name = CreateWorkoutTableViewController.swift; path = "Prancercise Tracker/CreateWorkoutTableViewController.swift"; sourceTree = SOURCE_ROOT; };
		AC8EABEA1EAEA855002DD041 /* MasterViewController.swift */ = {isa = PBXFileReference; fileEncoding = 4; lastKnownFileType = sourcecode.swift; name = MasterViewController.swift; path = "Prancercise Tracker/MasterViewController.swift"; sourceTree = SOURCE_ROOT; };
		AC8EABEB1EAEA855002DD041 /* ProfileViewController.swift */ = {isa = PBXFileReference; fileEncoding = 4; lastKnownFileType = sourcecode.swift; name = ProfileViewController.swift; path = "Prancercise Tracker/ProfileViewController.swift"; sourceTree = SOURCE_ROOT; };
		AC8EABEC1EAEA855002DD041 /* WorkoutsTableViewController.swift */ = {isa = PBXFileReference; fileEncoding = 4; lastKnownFileType = sourcecode.swift; name = WorkoutsTableViewController.swift; path = "Prancercise Tracker/WorkoutsTableViewController.swift"; sourceTree = SOURCE_ROOT; };
		AC8EABF11EAEA860002DD041 /* HealthKitSetupAssistant.swift */ = {isa = PBXFileReference; fileEncoding = 4; lastKnownFileType = sourcecode.swift; name = HealthKitSetupAssistant.swift; path = "Prancercise Tracker/HealthKitSetupAssistant.swift"; sourceTree = SOURCE_ROOT; };
		AC8EABF31EAEA86A002DD041 /* ProfileDataStore.swift */ = {isa = PBXFileReference; fileEncoding = 4; lastKnownFileType = sourcecode.swift; name = ProfileDataStore.swift; path = "Prancercise Tracker Starter/ProfileDataStore.swift"; sourceTree = SOURCE_ROOT; };
		AC8EABF71EAEA895002DD041 /* HKBiologicalSex+StringRepresentation.swift */ = {isa = PBXFileReference; fileEncoding = 4; lastKnownFileType = sourcecode.swift; name = "HKBiologicalSex+StringRepresentation.swift"; path = "Prancercise Tracker/HKBiologicalSex+StringRepresentation.swift"; sourceTree = SOURCE_ROOT; };
		AC8EABF81EAEA895002DD041 /* HKBloodType+StringRepresentation.swift */ = {isa = PBXFileReference; fileEncoding = 4; lastKnownFileType = sourcecode.swift; name = "HKBloodType+StringRepresentation.swift"; path = "Prancercise Tracker/HKBloodType+StringRepresentation.swift"; sourceTree = SOURCE_ROOT; };
		AC8EABFC1EAEA8B2002DD041 /* Base */ = {isa = PBXFileReference; lastKnownFileType = file.storyboard; name = Base; path = "Prancercise Tracker/Base.lproj/Main.storyboard"; sourceTree = SOURCE_ROOT; };
		AC8EAC011EAEA8C8002DD041 /* Info.plist */ = {isa = PBXFileReference; fileEncoding = 4; lastKnownFileType = text.plist.xml; name = Info.plist; path = "Prancercise Tracker/Info.plist"; sourceTree = SOURCE_ROOT; };
		AC8EAC071EAEA8E5002DD041 /* Workout.swift */ = {isa = PBXFileReference; fileEncoding = 4; lastKnownFileType = sourcecode.swift; name = Workout.swift; path = "Prancercise Tracker/Workout.swift"; sourceTree = SOURCE_ROOT; };
		ACF4F91F1EB0FFED0031154C /* UserHealthProfile.swift */ = {isa = PBXFileReference; fileEncoding = 4; lastKnownFileType = sourcecode.swift; path = UserHealthProfile.swift; sourceTree = SOURCE_ROOT; };
		ACF4F9251EB215DE0031154C /* Base */ = {isa = PBXFileReference; lastKnownFileType = file.xib; name = Base; path = "Prancercise Tracker/Base.lproj/LaunchScreen.xib"; sourceTree = SOURCE_ROOT; };
		CD1883A62124FB1D00E03D96 /* HealthKit.framework */ = {isa = PBXFileReference; lastKnownFileType = wrapper.framework; name = HealthKit.framework; path = System/Library/Frameworks/HealthKit.framework; sourceTree = SDKROOT; };
		CD63A5412113BD0F000CE7DD /* DocumentDataStore.swift */ = {isa = PBXFileReference; lastKnownFileType = sourcecode.swift; path = DocumentDataStore.swift; sourceTree = "<group>"; };
		CD6865FF210F9C0C0018A915 /* SummaryOfCare.xml */ = {isa = PBXFileReference; fileEncoding = 4; lastKnownFileType = text.xml; path = SummaryOfCare.xml; sourceTree = "<group>"; };
		CD791EA421112C0F00A7518B /* HealthDataUploader.swift */ = {isa = PBXFileReference; lastKnownFileType = sourcecode.swift; path = HealthDataUploader.swift; sourceTree = "<group>"; };
		CD791EA62111509A00A7518B /* HKFitzpatrickSkinType+StringRepresentation.swift */ = {isa = PBXFileReference; lastKnownFileType = sourcecode.swift; path = "HKFitzpatrickSkinType+StringRepresentation.swift"; sourceTree = "<group>"; };
		CD791EA8211150F700A7518B /* HKWheelchairUse+StringRepresentation.swift */ = {isa = PBXFileReference; lastKnownFileType = sourcecode.swift; path = "HKWheelchairUse+StringRepresentation.swift"; sourceTree = "<group>"; };
/* End PBXFileReference section */

/* Begin PBXFrameworksBuildPhase section */
		AC1BA5091EAE5D2F00C99FE3 /* Frameworks */ = {
			isa = PBXFrameworksBuildPhase;
			buildActionMask = 2147483647;
			files = (
				CD1883A72124FB1D00E03D96 /* HealthKit.framework in Frameworks */,
			);
			runOnlyForDeploymentPostprocessing = 0;
		};
/* End PBXFrameworksBuildPhase section */

/* Begin PBXGroup section */
		04671701207C6F2A009611D9 /* Frameworks */ = {
			isa = PBXGroup;
			children = (
				CD1883A62124FB1D00E03D96 /* HealthKit.framework */,
			);
			name = Frameworks;
			sourceTree = "<group>";
		};
		AC1BA5031EAE5D2F00C99FE3 = {
			isa = PBXGroup;
			children = (
				AC1BA50E1EAE5D2F00C99FE3 /* Health Data Reader-Writer */,
				AC1BA50D1EAE5D2F00C99FE3 /* Products */,
				04671701207C6F2A009611D9 /* Frameworks */,
			);
			sourceTree = "<group>";
		};
		AC1BA50D1EAE5D2F00C99FE3 /* Products */ = {
			isa = PBXGroup;
			children = (
				AC1BA50C1EAE5D2F00C99FE3 /* Health Data Reader-Writer.app */,
			);
			name = Products;
			sourceTree = "<group>";
		};
		AC1BA50E1EAE5D2F00C99FE3 /* Health Data Reader-Writer */ = {
			isa = PBXGroup;
			children = (
				CD63A5442113BD47000CE7DD /* DataStores */,
				04671700207C6F2A009611D9 /* Health Data Reader-Writer.entitlements */,
				AC1BA52F1EAE5E5400C99FE3 /* View Controllers */,
				AC8EABDB1EAE88DB002DD041 /* Models */,
				AC8EABE71EAEA83F002DD041 /* AppDelegate.swift */,
				AC8EABF11EAEA860002DD041 /* HealthKitSetupAssistant.swift */,
				AC8EABDE1EAE9B56002DD041 /* HealthKit Extensions */,
				AC8EABE51EAEA833002DD041 /* Assets.xcassets */,
				AC8EABFB1EAEA8B2002DD041 /* Main.storyboard */,
				ACF4F9241EB215DE0031154C /* LaunchScreen.xib */,
				04671704207CDA79009611D9 /* MedicalRecordsSample.xml */,
				CD6865FF210F9C0C0018A915 /* SummaryOfCare.xml */,
				AC8EAC011EAEA8C8002DD041 /* Info.plist */,
				CD791EA421112C0F00A7518B /* HealthDataUploader.swift */,
			);
			name = "Health Data Reader-Writer";
			path = "Prancercise Tracker Starter";
			sourceTree = "<group>";
		};
		AC1BA52F1EAE5E5400C99FE3 /* View Controllers */ = {
			isa = PBXGroup;
			children = (
				AC8EABE91EAEA855002DD041 /* CreateWorkoutTableViewController.swift */,
				AC8EABEC1EAEA855002DD041 /* WorkoutsTableViewController.swift */,
				AC8EABEA1EAEA855002DD041 /* MasterViewController.swift */,
				AC8EABEB1EAEA855002DD041 /* ProfileViewController.swift */,
			);
			name = "View Controllers";
			sourceTree = "<group>";
		};
		AC8EABDB1EAE88DB002DD041 /* Models */ = {
			isa = PBXGroup;
			children = (
				AC8EAC071EAEA8E5002DD041 /* Workout.swift */,
				9F270C311EBE47EB0075412F /* WorkoutSession.swift */,
				ACF4F91F1EB0FFED0031154C /* UserHealthProfile.swift */,
			);
			name = Models;
			sourceTree = "<group>";
		};
		AC8EABDE1EAE9B56002DD041 /* HealthKit Extensions */ = {
			isa = PBXGroup;
			children = (
				AC8EABF71EAEA895002DD041 /* HKBiologicalSex+StringRepresentation.swift */,
				AC8EABF81EAEA895002DD041 /* HKBloodType+StringRepresentation.swift */,
				CD791EA62111509A00A7518B /* HKFitzpatrickSkinType+StringRepresentation.swift */,
				CD791EA8211150F700A7518B /* HKWheelchairUse+StringRepresentation.swift */,
			);
			name = "HealthKit Extensions";
			sourceTree = "<group>";
		};
		CD63A5442113BD47000CE7DD /* DataStores */ = {
			isa = PBXGroup;
			children = (
				AC8EABF31EAEA86A002DD041 /* ProfileDataStore.swift */,
				AC891D721EDDBDC500A0F84A /* WorkoutDataStore.swift */,
				CD63A5412113BD0F000CE7DD /* DocumentDataStore.swift */,
			);
			name = DataStores;
			sourceTree = "<group>";
		};
/* End PBXGroup section */

/* Begin PBXNativeTarget section */
		AC1BA50B1EAE5D2F00C99FE3 /* Health Data Reader-Writer */ = {
			isa = PBXNativeTarget;
			buildConfigurationList = AC1BA51E1EAE5D2F00C99FE3 /* Build configuration list for PBXNativeTarget "Health Data Reader-Writer" */;
			buildPhases = (
				AC1BA5081EAE5D2F00C99FE3 /* Sources */,
				AC1BA5091EAE5D2F00C99FE3 /* Frameworks */,
				AC1BA50A1EAE5D2F00C99FE3 /* Resources */,
			);
			buildRules = (
			);
			dependencies = (
			);
			name = "Health Data Reader-Writer";
			productName = "Prancercise Tracker Starter";
			productReference = AC1BA50C1EAE5D2F00C99FE3 /* Health Data Reader-Writer.app */;
			productType = "com.apple.product-type.application";
		};
/* End PBXNativeTarget section */

/* Begin PBXProject section */
		AC1BA5041EAE5D2F00C99FE3 /* Project object */ = {
			isa = PBXProject;
			attributes = {
				LastSwiftUpdateCheck = 0830;
				LastUpgradeCheck = 0930;
				ORGANIZATIONNAME = "Razeware LLC";
				TargetAttributes = {
					AC1BA50B1EAE5D2F00C99FE3 = {
						CreatedOnToolsVersion = 8.3.2;
						LastSwiftMigration = 0900;
						SystemCapabilities = {
							com.apple.HealthKit = {
								enabled = 1;
							};
						};
					};
				};
			};
			buildConfigurationList = AC1BA5071EAE5D2F00C99FE3 /* Build configuration list for PBXProject "Health Data Reader-Writer" */;
			compatibilityVersion = "Xcode 9.3";
			developmentRegion = English;
			hasScannedForEncodings = 0;
			knownRegions = (
				en,
				Base,
			);
			mainGroup = AC1BA5031EAE5D2F00C99FE3;
			productRefGroup = AC1BA50D1EAE5D2F00C99FE3 /* Products */;
			projectDirPath = "";
			projectRoot = "";
			targets = (
				AC1BA50B1EAE5D2F00C99FE3 /* Health Data Reader-Writer */,
			);
		};
/* End PBXProject section */

/* Begin PBXResourcesBuildPhase section */
		AC1BA50A1EAE5D2F00C99FE3 /* Resources */ = {
			isa = PBXResourcesBuildPhase;
			buildActionMask = 2147483647;
			files = (
				ACF4F9261EB215DE0031154C /* LaunchScreen.xib in Resources */,
				AC8EABFD1EAEA8B2002DD041 /* Main.storyboard in Resources */,
				AC8EABE61EAEA833002DD041 /* Assets.xcassets in Resources */,
				CD686600210F9C0C0018A915 /* SummaryOfCare.xml in Resources */,
				04671705207CDA79009611D9 /* MedicalRecordsSample.xml in Resources */,
			);
			runOnlyForDeploymentPostprocessing = 0;
		};
/* End PBXResourcesBuildPhase section */

/* Begin PBXSourcesBuildPhase section */
		AC1BA5081EAE5D2F00C99FE3 /* Sources */ = {
			isa = PBXSourcesBuildPhase;
			buildActionMask = 2147483647;
			files = (
				AC8EABFA1EAEA895002DD041 /* HKBloodType+StringRepresentation.swift in Sources */,
				AC8EABF01EAEA855002DD041 /* WorkoutsTableViewController.swift in Sources */,
				9F270C321EBE47EB0075412F /* WorkoutSession.swift in Sources */,
				CD791EA521112C0F00A7518B /* HealthDataUploader.swift in Sources */,
				AC8EABED1EAEA855002DD041 /* CreateWorkoutTableViewController.swift in Sources */,
				AC8EABF21EAEA860002DD041 /* HealthKitSetupAssistant.swift in Sources */,
				CD791EA9211150F700A7518B /* HKWheelchairUse+StringRepresentation.swift in Sources */,
				CD791EA72111509A00A7518B /* HKFitzpatrickSkinType+StringRepresentation.swift in Sources */,
				AC8EABF41EAEA86A002DD041 /* ProfileDataStore.swift in Sources */,
				ACF4F9201EB0FFED0031154C /* UserHealthProfile.swift in Sources */,
				AC8EABE81EAEA83F002DD041 /* AppDelegate.swift in Sources */,
				AC891D731EDDBDC500A0F84A /* WorkoutDataStore.swift in Sources */,
				AC8EABEE1EAEA855002DD041 /* MasterViewController.swift in Sources */,
				CD63A5422113BD0F000CE7DD /* DocumentDataStore.swift in Sources */,
				AC8EABEF1EAEA855002DD041 /* ProfileViewController.swift in Sources */,
				AC8EAC081EAEA8E5002DD041 /* Workout.swift in Sources */,
				AC8EABF91EAEA895002DD041 /* HKBiologicalSex+StringRepresentation.swift in Sources */,
			);
			runOnlyForDeploymentPostprocessing = 0;
		};
/* End PBXSourcesBuildPhase section */

/* Begin PBXVariantGroup section */
		AC8EABFB1EAEA8B2002DD041 /* Main.storyboard */ = {
			isa = PBXVariantGroup;
			children = (
				AC8EABFC1EAEA8B2002DD041 /* Base */,
			);
			name = Main.storyboard;
			sourceTree = "<group>";
		};
		ACF4F9241EB215DE0031154C /* LaunchScreen.xib */ = {
			isa = PBXVariantGroup;
			children = (
				ACF4F9251EB215DE0031154C /* Base */,
			);
			name = LaunchScreen.xib;
			sourceTree = "<group>";
		};
/* End PBXVariantGroup section */

/* Begin XCBuildConfiguration section */
		AC1BA51C1EAE5D2F00C99FE3 /* Debug */ = {
			isa = XCBuildConfiguration;
			buildSettings = {
				ALWAYS_SEARCH_USER_PATHS = NO;
				CLANG_ANALYZER_NONNULL = YES;
				CLANG_ANALYZER_NUMBER_OBJECT_CONVERSION = YES_AGGRESSIVE;
				CLANG_CXX_LANGUAGE_STANDARD = "gnu++0x";
				CLANG_CXX_LIBRARY = "libc++";
				CLANG_ENABLE_MODULES = YES;
				CLANG_ENABLE_OBJC_ARC = YES;
				CLANG_WARN_BLOCK_CAPTURE_AUTORELEASING = YES;
				CLANG_WARN_BOOL_CONVERSION = YES;
				CLANG_WARN_COMMA = YES;
				CLANG_WARN_CONSTANT_CONVERSION = YES;
				CLANG_WARN_DEPRECATED_OBJC_IMPLEMENTATIONS = YES;
				CLANG_WARN_DIRECT_OBJC_ISA_USAGE = YES_ERROR;
				CLANG_WARN_DOCUMENTATION_COMMENTS = YES;
				CLANG_WARN_EMPTY_BODY = YES;
				CLANG_WARN_ENUM_CONVERSION = YES;
				CLANG_WARN_INFINITE_RECURSION = YES;
				CLANG_WARN_INT_CONVERSION = YES;
				CLANG_WARN_NON_LITERAL_NULL_CONVERSION = YES;
				CLANG_WARN_OBJC_IMPLICIT_RETAIN_SELF = YES;
				CLANG_WARN_OBJC_LITERAL_CONVERSION = YES;
				CLANG_WARN_OBJC_ROOT_CLASS = YES_ERROR;
				CLANG_WARN_RANGE_LOOP_ANALYSIS = YES;
				CLANG_WARN_STRICT_PROTOTYPES = YES;
				CLANG_WARN_SUSPICIOUS_MOVE = YES;
				CLANG_WARN_UNREACHABLE_CODE = YES;
				CLANG_WARN__DUPLICATE_METHOD_MATCH = YES;
				"CODE_SIGN_IDENTITY[sdk=iphoneos*]" = "iPhone Developer";
				COPY_PHASE_STRIP = NO;
				DEBUG_INFORMATION_FORMAT = dwarf;
				ENABLE_STRICT_OBJC_MSGSEND = YES;
				ENABLE_TESTABILITY = YES;
				GCC_C_LANGUAGE_STANDARD = gnu99;
				GCC_DYNAMIC_NO_PIC = NO;
				GCC_NO_COMMON_BLOCKS = YES;
				GCC_OPTIMIZATION_LEVEL = 0;
				GCC_PREPROCESSOR_DEFINITIONS = (
					"DEBUG=1",
					"$(inherited)",
				);
				GCC_WARN_64_TO_32_BIT_CONVERSION = YES;
				GCC_WARN_ABOUT_RETURN_TYPE = YES_ERROR;
				GCC_WARN_UNDECLARED_SELECTOR = YES;
				GCC_WARN_UNINITIALIZED_AUTOS = YES_AGGRESSIVE;
				GCC_WARN_UNUSED_FUNCTION = YES;
				GCC_WARN_UNUSED_VARIABLE = YES;
				IPHONEOS_DEPLOYMENT_TARGET = 11.4;
				MTL_ENABLE_DEBUG_INFO = YES;
				ONLY_ACTIVE_ARCH = YES;
				SDKROOT = iphoneos;
				SWIFT_ACTIVE_COMPILATION_CONDITIONS = DEBUG;
				SWIFT_COMPILATION_MODE = singlefile;
				SWIFT_OPTIMIZATION_LEVEL = "-Onone";
				TARGETED_DEVICE_FAMILY = "1,2";
			};
			name = Debug;
		};
		AC1BA51D1EAE5D2F00C99FE3 /* Release */ = {
			isa = XCBuildConfiguration;
			buildSettings = {
				ALWAYS_SEARCH_USER_PATHS = NO;
				CLANG_ANALYZER_NONNULL = YES;
				CLANG_ANALYZER_NUMBER_OBJECT_CONVERSION = YES_AGGRESSIVE;
				CLANG_CXX_LANGUAGE_STANDARD = "gnu++0x";
				CLANG_CXX_LIBRARY = "libc++";
				CLANG_ENABLE_MODULES = YES;
				CLANG_ENABLE_OBJC_ARC = YES;
				CLANG_WARN_BLOCK_CAPTURE_AUTORELEASING = YES;
				CLANG_WARN_BOOL_CONVERSION = YES;
				CLANG_WARN_COMMA = YES;
				CLANG_WARN_CONSTANT_CONVERSION = YES;
				CLANG_WARN_DEPRECATED_OBJC_IMPLEMENTATIONS = YES;
				CLANG_WARN_DIRECT_OBJC_ISA_USAGE = YES_ERROR;
				CLANG_WARN_DOCUMENTATION_COMMENTS = YES;
				CLANG_WARN_EMPTY_BODY = YES;
				CLANG_WARN_ENUM_CONVERSION = YES;
				CLANG_WARN_INFINITE_RECURSION = YES;
				CLANG_WARN_INT_CONVERSION = YES;
				CLANG_WARN_NON_LITERAL_NULL_CONVERSION = YES;
				CLANG_WARN_OBJC_IMPLICIT_RETAIN_SELF = YES;
				CLANG_WARN_OBJC_LITERAL_CONVERSION = YES;
				CLANG_WARN_OBJC_ROOT_CLASS = YES_ERROR;
				CLANG_WARN_RANGE_LOOP_ANALYSIS = YES;
				CLANG_WARN_STRICT_PROTOTYPES = YES;
				CLANG_WARN_SUSPICIOUS_MOVE = YES;
				CLANG_WARN_UNREACHABLE_CODE = YES;
				CLANG_WARN__DUPLICATE_METHOD_MATCH = YES;
				"CODE_SIGN_IDENTITY[sdk=iphoneos*]" = "iPhone Developer";
				COPY_PHASE_STRIP = NO;
				DEBUG_INFORMATION_FORMAT = "dwarf-with-dsym";
				ENABLE_NS_ASSERTIONS = NO;
				ENABLE_STRICT_OBJC_MSGSEND = YES;
				GCC_C_LANGUAGE_STANDARD = gnu99;
				GCC_NO_COMMON_BLOCKS = YES;
				GCC_WARN_64_TO_32_BIT_CONVERSION = YES;
				GCC_WARN_ABOUT_RETURN_TYPE = YES_ERROR;
				GCC_WARN_UNDECLARED_SELECTOR = YES;
				GCC_WARN_UNINITIALIZED_AUTOS = YES_AGGRESSIVE;
				GCC_WARN_UNUSED_FUNCTION = YES;
				GCC_WARN_UNUSED_VARIABLE = YES;
				IPHONEOS_DEPLOYMENT_TARGET = 11.4;
				MTL_ENABLE_DEBUG_INFO = NO;
				ONLY_ACTIVE_ARCH = YES;
				SDKROOT = iphoneos;
				SWIFT_COMPILATION_MODE = wholemodule;
				SWIFT_OPTIMIZATION_LEVEL = "-O";
				TARGETED_DEVICE_FAMILY = "1,2";
				VALIDATE_PRODUCT = YES;
			};
			name = Release;
		};
		AC1BA51F1EAE5D2F00C99FE3 /* Debug */ = {
			isa = XCBuildConfiguration;
			buildSettings = {
				ASSETCATALOG_COMPILER_APPICON_NAME = AppIcon;
				CODE_SIGN_ENTITLEMENTS = "Prancercise Tracker/Health Data Reader-Writer.entitlements";
				CODE_SIGN_IDENTITY = "iPhone Developer";
				CODE_SIGN_STYLE = Automatic;
				DEVELOPMENT_TEAM = 9G3PKRUFV5;
				INFOPLIST_FILE = "Prancercise Tracker/Info.plist";
				IPHONEOS_DEPLOYMENT_TARGET = 11.4;
				LD_RUNPATH_SEARCH_PATHS = (
					"$(inherited)",
					"@executable_path/Frameworks",
				);
				PRODUCT_BUNDLE_IDENTIFIER = applehp;
				PRODUCT_NAME = "$(TARGET_NAME)";
				PROVISIONING_PROFILE_SPECIFIER = "";
				SWIFT_SWIFT3_OBJC_INFERENCE = Off;
				SWIFT_VERSION = 4.0;
				TARGETED_DEVICE_FAMILY = 1;
			};
			name = Debug;
		};
		AC1BA5201EAE5D2F00C99FE3 /* Release */ = {
			isa = XCBuildConfiguration;
			buildSettings = {
				ASSETCATALOG_COMPILER_APPICON_NAME = AppIcon;
				CODE_SIGN_ENTITLEMENTS = "Prancercise Tracker/Health Data Reader-Writer.entitlements";
				CODE_SIGN_IDENTITY = "iPhone Developer";
				CODE_SIGN_STYLE = Automatic;
				DEVELOPMENT_TEAM = 9G3PKRUFV5;
				INFOPLIST_FILE = "Prancercise Tracker/Info.plist";
				IPHONEOS_DEPLOYMENT_TARGET = 11.4;
				LD_RUNPATH_SEARCH_PATHS = (
					"$(inherited)",
					"@executable_path/Frameworks",
				);
				PRODUCT_BUNDLE_IDENTIFIER = applehp;
				PRODUCT_NAME = "$(TARGET_NAME)";
				PROVISIONING_PROFILE_SPECIFIER = "";
				SWIFT_SWIFT3_OBJC_INFERENCE = Off;
				SWIFT_VERSION = 4.0;
				TARGETED_DEVICE_FAMILY = 1;
			};
			name = Release;
		};
/* End XCBuildConfiguration section */

/* Begin XCConfigurationList section */
		AC1BA5071EAE5D2F00C99FE3 /* Build configuration list for PBXProject "Health Data Reader-Writer" */ = {
			isa = XCConfigurationList;
			buildConfigurations = (
				AC1BA51C1EAE5D2F00C99FE3 /* Debug */,
				AC1BA51D1EAE5D2F00C99FE3 /* Release */,
			);
			defaultConfigurationIsVisible = 0;
			defaultConfigurationName = Debug;
		};
		AC1BA51E1EAE5D2F00C99FE3 /* Build configuration list for PBXNativeTarget "Health Data Reader-Writer" */ = {
			isa = XCConfigurationList;
			buildConfigurations = (
				AC1BA51F1EAE5D2F00C99FE3 /* Debug */,
				AC1BA5201EAE5D2F00C99FE3 /* Release */,
			);
			defaultConfigurationIsVisible = 0;
			defaultConfigurationName = Debug;
		};
/* End XCConfigurationList section */
	};
	rootObject = AC1BA5041EAE5D2F00C99FE3 /* Project object */;
}
